
Microsoft Visual Studio Solution File, Format Version 12.00
# Visual Studio Version 16
VisualStudioVersion = 16.0.30804.86
MinimumVisualStudioVersion = 10.0.40219.1
Project("{9A19103F-16F7-4668-BE54-9A1E7A4F7556}") = "Numani.CommandStack", "Numani.CommandStack\Numani.CommandStack.csproj", "{1A7067B2-7C3B-4214-938D-4E74DD99A0C2}"
EndProject
Project("{FAE04EC0-301F-11D3-BF4B-00C04F79EFBC}") = "Numani.CommandStack.Sample", "Numani.CommandStack.Sample\Numani.CommandStack.Sample.csproj", "{06D95C06-9D1D-4228-9991-9B42F8EDE281}"
EndProject
Global
	GlobalSection(SolutionConfigurationPlatforms) = preSolution
		Debug|Any CPU = Debug|Any CPU
		Release|Any CPU = Release|Any CPU
	EndGlobalSection
	GlobalSection(ProjectConfigurationPlatforms) = postSolution
		{1A7067B2-7C3B-4214-938D-4E74DD99A0C2}.Debug|Any CPU.ActiveCfg = Debug|Any CPU
		{1A7067B2-7C3B-4214-938D-4E74DD99A0C2}.Debug|Any CPU.Build.0 = Debug|Any CPU
		{1A7067B2-7C3B-4214-938D-4E74DD99A0C2}.Release|Any CPU.ActiveCfg = Release|Any CPU
		{1A7067B2-7C3B-4214-938D-4E74DD99A0C2}.Release|Any CPU.Build.0 = Release|Any CPU
		{06D95C06-9D1D-4228-9991-9B42F8EDE281}.Debug|Any CPU.ActiveCfg = Debug|Any CPU
		{06D95C06-9D1D-4228-9991-9B42F8EDE281}.Debug|Any CPU.Build.0 = Debug|Any CPU
		{06D95C06-9D1D-4228-9991-9B42F8EDE281}.Release|Any CPU.ActiveCfg = Release|Any CPU
		{06D95C06-9D1D-4228-9991-9B42F8EDE281}.Release|Any CPU.Build.0 = Release|Any CPU
	EndGlobalSection
	GlobalSection(SolutionProperties) = preSolution
		HideSolutionNode = FALSE
	EndGlobalSection
	GlobalSection(ExtensibilityGlobals) = postSolution
		SolutionGuid = {DB4C2AC3-B234-4CBA-BA38-5295DA939B63}
	EndGlobalSection
EndGlobal
